
Microsoft Visual Studio Solution File, Format Version 12.00
# Visual Studio 14
VisualStudioVersion = 14.0.25123.0
MinimumVisualStudioVersion = 10.0.40219.1
Project("{FAE04EC0-301F-11D3-BF4B-00C04F79EFBC}") = "ProxyPattern", "ProxyPattern\ProxyPattern.csproj", "{B23BA7FF-0B52-4236-98D6-5BD9F6A8BB76}"
EndProject
Global
	GlobalSection(SolutionConfigurationPlatforms) = preSolution
		Debug|Any CPU = Debug|Any CPU
		Release|Any CPU = Release|Any CPU
	EndGlobalSection
	GlobalSection(ProjectConfigurationPlatforms) = postSolution
		{B23BA7FF-0B52-4236-98D6-5BD9F6A8BB76}.Debug|Any CPU.ActiveCfg = Debug|Any CPU
		{B23BA7FF-0B52-4236-98D6-5BD9F6A8BB76}.Debug|Any CPU.Build.0 = Debug|Any CPU
		{B23BA7FF-0B52-4236-98D6-5BD9F6A8BB76}.Release|Any CPU.ActiveCfg = Release|Any CPU
		{B23BA7FF-0B52-4236-98D6-5BD9F6A8BB76}.Release|Any CPU.Build.0 = Release|Any CPU
	EndGlobalSection
	GlobalSection(SolutionProperties) = preSolution
		HideSolutionNode = FALSE
	EndGlobalSection
EndGlobal
